
Microsoft Visual Studio Solution File, Format Version 12.00
# Visual Studio 15
VisualStudioVersion = 15.0.26730.16
MinimumVisualStudioVersion = 10.0.40219.1
Project("{9A19103F-16F7-4668-BE54-9A1E7A4F7556}") = "Nest.Events.Listener", "src\Nest.Events.Listener.csproj", "{584195E2-C7C8-481D-A50E-8B91B3321343}"
EndProject
Global
	GlobalSection(SolutionConfigurationPlatforms) = preSolution
		Debug|Any CPU = Debug|Any CPU
		Release|Any CPU = Release|Any CPU
	EndGlobalSection
	GlobalSection(ProjectConfigurationPlatforms) = postSolution
		{584195E2-C7C8-481D-A50E-8B91B3321343}.Debug|Any CPU.ActiveCfg = Debug|Any CPU
		{584195E2-C7C8-481D-A50E-8B91B3321343}.Debug|Any CPU.Build.0 = Debug|Any CPU
		{584195E2-C7C8-481D-A50E-8B91B3321343}.Release|Any CPU.ActiveCfg = Release|Any CPU
		{584195E2-C7C8-481D-A50E-8B91B3321343}.Release|Any CPU.Build.0 = Release|Any CPU
	EndGlobalSection
	GlobalSection(SolutionProperties) = preSolution
		HideSolutionNode = FALSE
	EndGlobalSection
	GlobalSection(ExtensibilityGlobals) = postSolution
		SolutionGuid = {AE380A11-250D-462F-9A58-F47405D2553C}
	EndGlobalSection
EndGlobal
